
Microsoft Visual Studio Solution File, Format Version 12.00
# Visual Studio Version 17
VisualStudioVersion = 17.14.36401.2
MinimumVisualStudioVersion = 10.0.40219.1
Project("{2150E333-8FDC-42A3-9474-1A3956D46DE8}") = "src", "src", "{02EA681E-C7D8-13C7-8484-4AC65E1B71E8}"
EndProject
Project("{FAE04EC0-301F-11D3-BF4B-00C04F79EFBC}") = "Observability.Api", "src\Observability.Api\Observability.Api.csproj", "{15F5D466-03D4-489E-832C-3AEA102CA221}"
EndProject
Global
	GlobalSection(SolutionConfigurationPlatforms) = preSolution
		Debug|Any CPU = Debug|Any CPU
		Release|Any CPU = Release|Any CPU
	EndGlobalSection
	GlobalSection(ProjectConfigurationPlatforms) = postSolution
		{15F5D466-03D4-489E-832C-3AEA102CA221}.Debug|Any CPU.ActiveCfg = Debug|Any CPU
		{15F5D466-03D4-489E-832C-3AEA102CA221}.Debug|Any CPU.Build.0 = Debug|Any CPU
		{15F5D466-03D4-489E-832C-3AEA102CA221}.Release|Any CPU.ActiveCfg = Release|Any CPU
		{15F5D466-03D4-489E-832C-3AEA102CA221}.Release|Any CPU.Build.0 = Release|Any CPU
	EndGlobalSection
	GlobalSection(SolutionProperties) = preSolution
		HideSolutionNode = FALSE
	EndGlobalSection
	GlobalSection(NestedProjects) = preSolution
		{15F5D466-03D4-489E-832C-3AEA102CA221} = {02EA681E-C7D8-13C7-8484-4AC65E1B71E8}
	EndGlobalSection
	GlobalSection(ExtensibilityGlobals) = postSolution
		SolutionGuid = {D686DCF2-D48C-471F-AF0D-91CDF9D67792}
	EndGlobalSection
EndGlobal
